
Microsoft Visual Studio Solution File, Format Version 12.00
# Visual Studio Version 16
VisualStudioVersion = 16.0.30114.105
MinimumVisualStudioVersion = 10.0.40219.1
Project("{FAE04EC0-301F-11D3-BF4B-00C04F79EFBC}") = "Lab1", "Lab1\Lab1.csproj", "{A2781CE3-5EC1-47EE-B9E1-A52F769FD309}"
EndProject
Global
	GlobalSection(SolutionConfigurationPlatforms) = preSolution
		Debug|Any CPU = Debug|Any CPU
		Release|Any CPU = Release|Any CPU
	EndGlobalSection
	GlobalSection(ProjectConfigurationPlatforms) = postSolution
		{A2781CE3-5EC1-47EE-B9E1-A52F769FD309}.Debug|Any CPU.ActiveCfg = Debug|Any CPU
		{A2781CE3-5EC1-47EE-B9E1-A52F769FD309}.Debug|Any CPU.Build.0 = Debug|Any CPU
		{A2781CE3-5EC1-47EE-B9E1-A52F769FD309}.Release|Any CPU.ActiveCfg = Release|Any CPU
		{A2781CE3-5EC1-47EE-B9E1-A52F769FD309}.Release|Any CPU.Build.0 = Release|Any CPU
	EndGlobalSection
	GlobalSection(SolutionProperties) = preSolution
		HideSolutionNode = FALSE
	EndGlobalSection
	GlobalSection(ExtensibilityGlobals) = postSolution
		SolutionGuid = {2FC96965-E1A0-40C5-B7D5-B3829D76D18C}
	EndGlobalSection
EndGlobal
